
Microsoft Visual Studio Solution File, Format Version 12.00
# Visual Studio Version 17
VisualStudioVersion = 17.14.36603.0 d17.14
MinimumVisualStudioVersion = 10.0.40219.1
Project("{FAE04EC0-301F-11D3-BF4B-00C04F79EFBC}") = "Bai2", "Bai2\Bai2.csproj", "{A5FBCB22-3328-45AE-AB47-9B1FDC164503}"
EndProject
Global
	GlobalSection(SolutionConfigurationPlatforms) = preSolution
		Debug|Any CPU = Debug|Any CPU
		Release|Any CPU = Release|Any CPU
	EndGlobalSection
	GlobalSection(ProjectConfigurationPlatforms) = postSolution
		{A5FBCB22-3328-45AE-AB47-9B1FDC164503}.Debug|Any CPU.ActiveCfg = Debug|Any CPU
		{A5FBCB22-3328-45AE-AB47-9B1FDC164503}.Debug|Any CPU.Build.0 = Debug|Any CPU
		{A5FBCB22-3328-45AE-AB47-9B1FDC164503}.Release|Any CPU.ActiveCfg = Release|Any CPU
		{A5FBCB22-3328-45AE-AB47-9B1FDC164503}.Release|Any CPU.Build.0 = Release|Any CPU
	EndGlobalSection
	GlobalSection(SolutionProperties) = preSolution
		HideSolutionNode = FALSE
	EndGlobalSection
	GlobalSection(ExtensibilityGlobals) = postSolution
		SolutionGuid = {86B1A201-0722-4BF2-BF47-F4B6B154221C}
	EndGlobalSection
EndGlobal
