
Microsoft Visual Studio Solution File, Format Version 12.00
# Visual Studio Version 17
VisualStudioVersion = 17.14.36603.0 d17.14
MinimumVisualStudioVersion = 10.0.40219.1
Project("{FAE04EC0-301F-11D3-BF4B-00C04F79EFBC}") = "BaiThuTest", "BaiThuTest\BaiThuTest.csproj", "{56046C44-401C-46D3-8C15-C11CB3CEEA4F}"
EndProject
Global
	GlobalSection(SolutionConfigurationPlatforms) = preSolution
		Debug|Any CPU = Debug|Any CPU
		Release|Any CPU = Release|Any CPU
	EndGlobalSection
	GlobalSection(ProjectConfigurationPlatforms) = postSolution
		{56046C44-401C-46D3-8C15-C11CB3CEEA4F}.Debug|Any CPU.ActiveCfg = Debug|Any CPU
		{56046C44-401C-46D3-8C15-C11CB3CEEA4F}.Debug|Any CPU.Build.0 = Debug|Any CPU
		{56046C44-401C-46D3-8C15-C11CB3CEEA4F}.Release|Any CPU.ActiveCfg = Release|Any CPU
		{56046C44-401C-46D3-8C15-C11CB3CEEA4F}.Release|Any CPU.Build.0 = Release|Any CPU
	EndGlobalSection
	GlobalSection(SolutionProperties) = preSolution
		HideSolutionNode = FALSE
	EndGlobalSection
	GlobalSection(ExtensibilityGlobals) = postSolution
		SolutionGuid = {BD887C91-ABE0-4B6E-973E-F12A42813624}
	EndGlobalSection
EndGlobal
